
Microsoft Visual Studio Solution File, Format Version 12.00
# Visual Studio Version 16
VisualStudioVersion = 16.0.29613.14
MinimumVisualStudioVersion = 10.0.40219.1
Project("{9A19103F-16F7-4668-BE54-9A1E7A4F7556}") = "FieldFactory.Api", "FieldFactory.Api\FieldFactory.Api.csproj", "{AE7E7E82-433A-4A4D-AB24-704E8E3920AC}"
EndProject
Project("{FAE04EC0-301F-11D3-BF4B-00C04F79EFBC}") = "FieldFactory.Framework", "FieldFactory.Framework\FieldFactory.Framework.csproj", "{F708B7A3-631D-43F7-81C4-06BE30F9C48B}"
EndProject
Project("{FAE04EC0-301F-11D3-BF4B-00C04F79EFBC}") = "FieldFactory.Core", "FieldFactory.Core\FieldFactory.Core.csproj", "{51B93646-7229-4A01-8286-1358EC7A4954}"
EndProject
Global
	GlobalSection(SolutionConfigurationPlatforms) = preSolution
		Debug|Any CPU = Debug|Any CPU
		Release|Any CPU = Release|Any CPU
	EndGlobalSection
	GlobalSection(ProjectConfigurationPlatforms) = postSolution
		{AE7E7E82-433A-4A4D-AB24-704E8E3920AC}.Debug|Any CPU.ActiveCfg = Debug|Any CPU
		{AE7E7E82-433A-4A4D-AB24-704E8E3920AC}.Debug|Any CPU.Build.0 = Debug|Any CPU
		{AE7E7E82-433A-4A4D-AB24-704E8E3920AC}.Release|Any CPU.ActiveCfg = Release|Any CPU
		{AE7E7E82-433A-4A4D-AB24-704E8E3920AC}.Release|Any CPU.Build.0 = Release|Any CPU
		{F708B7A3-631D-43F7-81C4-06BE30F9C48B}.Debug|Any CPU.ActiveCfg = Debug|Any CPU
		{F708B7A3-631D-43F7-81C4-06BE30F9C48B}.Debug|Any CPU.Build.0 = Debug|Any CPU
		{F708B7A3-631D-43F7-81C4-06BE30F9C48B}.Release|Any CPU.ActiveCfg = Release|Any CPU
		{F708B7A3-631D-43F7-81C4-06BE30F9C48B}.Release|Any CPU.Build.0 = Release|Any CPU
		{51B93646-7229-4A01-8286-1358EC7A4954}.Debug|Any CPU.ActiveCfg = Debug|Any CPU
		{51B93646-7229-4A01-8286-1358EC7A4954}.Debug|Any CPU.Build.0 = Debug|Any CPU
		{51B93646-7229-4A01-8286-1358EC7A4954}.Release|Any CPU.ActiveCfg = Release|Any CPU
		{51B93646-7229-4A01-8286-1358EC7A4954}.Release|Any CPU.Build.0 = Release|Any CPU
	EndGlobalSection
	GlobalSection(SolutionProperties) = preSolution
		HideSolutionNode = FALSE
	EndGlobalSection
	GlobalSection(ExtensibilityGlobals) = postSolution
		SolutionGuid = {C90D2867-A5B1-4288-A217-B566E6498D8B}
	EndGlobalSection
EndGlobal
